// !$*UTF8*$!
{
	archiveVersion = 1;
	classes = {
	};
	objectVersion = 46;
	objects = {

/* Begin PBXBuildFile section */
		3A2068611C94D792000C7582 /* AppDelegate.swift in Sources */ = {isa = PBXBuildFile; fileRef = 3A2068601C94D792000C7582 /* AppDelegate.swift */; };
		3A2068631C94D792000C7582 /* ViewController.swift in Sources */ = {isa = PBXBuildFile; fileRef = 3A2068621C94D792000C7582 /* ViewController.swift */; };
		3A2068661C94D792000C7582 /* Main.storyboard in Resources */ = {isa = PBXBuildFile; fileRef = 3A2068641C94D792000C7582 /* Main.storyboard */; };
		3A2068681C94D792000C7582 /* Assets.xcassets in Resources */ = {isa = PBXBuildFile; fileRef = 3A2068671C94D792000C7582 /* Assets.xcassets */; };
		3A20686B1C94D792000C7582 /* LaunchScreen.storyboard in Resources */ = {isa = PBXBuildFile; fileRef = 3A2068691C94D792000C7582 /* LaunchScreen.storyboard */; };
		3A2068761C94D792000C7582 /* TapperTests.swift in Sources */ = {isa = PBXBuildFile; fileRef = 3A2068751C94D792000C7582 /* TapperTests.swift */; };
		3A2068811C94D792000C7582 /* TapperUITests.swift in Sources */ = {isa = PBXBuildFile; fileRef = 3A2068801C94D792000C7582 /* TapperUITests.swift */; };
/* End PBXBuildFile section */

/* Begin PBXContainerItemProxy section */
		3A2068721C94D792000C7582 /* PBXContainerItemProxy */ = {
			isa = PBXContainerItemProxy;
			containerPortal = 3A2068551C94D792000C7582 /* Project object */;
			proxyType = 1;
			remoteGlobalIDString = 3A20685C1C94D792000C7582;
			remoteInfo = Tapper;
		};
		3A20687D1C94D792000C7582 /* PBXContainerItemProxy */ = {
			isa = PBXContainerItemProxy;
			containerPortal = 3A2068551C94D792000C7582 /* Project object */;
			proxyType = 1;
			remoteGlobalIDString = 3A20685C1C94D792000C7582;
			remoteInfo = Tapper;
		};
/* End PBXContainerItemProxy section */

/* Begin PBXFileReference section */
		3A20685D1C94D792000C7582 /* Tapper.app */ = {isa = PBXFileReference; explicitFileType = wrapper.application; includeInIndex = 0; path = Tapper.app; sourceTree = BUILT_PRODUCTS_DIR; };
		3A2068601C94D792000C7582 /* AppDelegate.swift */ = {isa = PBXFileReference; lastKnownFileType = sourcecode.swift; path = AppDelegate.swift; sourceTree = "<group>"; };
		3A2068621C94D792000C7582 /* ViewController.swift */ = {isa = PBXFileReference; lastKnownFileType = sourcecode.swift; path = ViewController.swift; sourceTree = "<group>"; };
		3A2068651C94D792000C7582 /* Base */ = {isa = PBXFileReference; lastKnownFileType = file.storyboard; name = Base; path = Base.lproj/Main.storyboard; sourceTree = "<group>"; };
		3A2068671C94D792000C7582 /* Assets.xcassets */ = {isa = PBXFileReference; lastKnownFileType = folder.assetcatalog; path = Assets.xcassets; sourceTree = "<group>"; };
		3A20686A1C94D792000C7582 /* Base */ = {isa = PBXFileReference; lastKnownFileType = file.storyboard; name = Base; path = Base.lproj/LaunchScreen.storyboard; sourceTree = "<group>"; };
		3A20686C1C94D792000C7582 /* Info.plist */ = {isa = PBXFileReference; lastKnownFileType = text.plist.xml; path = Info.plist; sourceTree = "<group>"; };
		3A2068711C94D792000C7582 /* TapperTests.xctest */ = {isa = PBXFileReference; explicitFileType = wrapper.cfbundle; includeInIndex = 0; path = TapperTests.xctest; sourceTree = BUILT_PRODUCTS_DIR; };
		3A2068751C94D792000C7582 /* TapperTests.swift */ = {isa = PBXFileReference; lastKnownFileType = sourcecode.swift; path = TapperTests.swift; sourceTree = "<group>"; };
		3A2068771C94D792000C7582 /* Info.plist */ = {isa = PBXFileReference; lastKnownFileType = text.plist.xml; path = Info.plist; sourceTree = "<group>"; };
		3A20687C1C94D792000C7582 /* TapperUITests.xctest */ = {isa = PBXFileReference; explicitFileType = wrapper.cfbundle; includeInIndex = 0; path = TapperUITests.xctest; sourceTree = BUILT_PRODUCTS_DIR; };
		3A2068801C94D792000C7582 /* TapperUITests.swift */ = {isa = PBXFileReference; lastKnownFileType = sourcecode.swift; path = TapperUITests.swift; sourceTree = "<group>"; };
		3A2068821C94D792000C7582 /* Info.plist */ = {isa = PBXFileReference; lastKnownFileType = text.plist.xml; path = Info.plist; sourceTree = "<group>"; };
/* End PBXFileReference section */

/* Begin PBXFrameworksBuildPhase section */
		3A20685A1C94D792000C7582 /* Frameworks */ = {
			isa = PBXFrameworksBuildPhase;
			buildActionMask = 2147483647;
			files = (
			);
			runOnlyForDeploymentPostprocessing = 0;
		};
		3A20686E1C94D792000C7582 /* Frameworks */ = {
			isa = PBXFrameworksBuildPhase;
			buildActionMask = 2147483647;
			files = (
			);
			runOnlyForDeploymentPostprocessing = 0;
		};
		3A2068791C94D792000C7582 /* Frameworks */ = {
			isa = PBXFrameworksBuildPhase;
			buildActionMask = 2147483647;
			files = (
			);
			runOnlyForDeploymentPostprocessing = 0;
		};
/* End PBXFrameworksBuildPhase section */

/* Begin PBXGroup section */
		3A2068541C94D792000C7582 = {
			isa = PBXGroup;
			children = (
				3A20685F1C94D792000C7582 /* Tapper */,
				3A2068741C94D792000C7582 /* TapperTests */,
				3A20687F1C94D792000C7582 /* TapperUITests */,
				3A20685E1C94D792000C7582 /* Products */,
			);
			sourceTree = "<group>";
		};
		3A20685E1C94D792000C7582 /* Products */ = {
			isa = PBXGroup;
			children = (
				3A20685D1C94D792000C7582 /* Tapper.app */,
				3A2068711C94D792000C7582 /* TapperTests.xctest */,
				3A20687C1C94D792000C7582 /* TapperUITests.xctest */,
			);
			name = Products;
			sourceTree = "<group>";
		};
		3A20685F1C94D792000C7582 /* Tapper */ = {
			isa = PBXGroup;
			children = (
				3A2068601C94D792000C7582 /* AppDelegate.swift */,
				3A2068621C94D792000C7582 /* ViewController.swift */,
				3A2068641C94D792000C7582 /* Main.storyboard */,
				3A2068671C94D792000C7582 /* Assets.xcassets */,
				3A2068691C94D792000C7582 /* LaunchScreen.storyboard */,
				3A20686C1C94D792000C7582 /* Info.plist */,
			);
			path = Tapper;
			sourceTree = "<group>";
		};
		3A2068741C94D792000C7582 /* TapperTests */ = {
			isa = PBXGroup;
			children = (
				3A2068751C94D792000C7582 /* TapperTests.swift */,
				3A2068771C94D792000C7582 /* Info.plist */,
			);
			path = TapperTests;
			sourceTree = "<group>";
		};
		3A20687F1C94D792000C7582 /* TapperUITests */ = {
			isa = PBXGroup;
			children = (
				3A2068801C94D792000C7582 /* TapperUITests.swift */,
				3A2068821C94D792000C7582 /* Info.plist */,
			);
			path = TapperUITests;
			sourceTree = "<group>";
		};
/* End PBXGroup section */

/* Begin PBXNativeTarget section */
		3A20685C1C94D792000C7582 /* Tapper */ = {
			isa = PBXNativeTarget;
			buildConfigurationList = 3A2068851C94D792000C7582 /* Build configuration list for PBXNativeTarget "Tapper" */;
			buildPhases = (
				3A2068591C94D792000C7582 /* Sources */,
				3A20685A1C94D792000C7582 /* Frameworks */,
				3A20685B1C94D792000C7582 /* Resources */,
			);
			buildRules = (
			);
			dependencies = (
			);
			name = Tapper;
			productName = Tapper;
			productReference = 3A20685D1C94D792000C7582 /* Tapper.app */;
			productType = "com.apple.product-type.application";
		};
		3A2068701C94D792000C7582 /* TapperTests */ = {
			isa = PBXNativeTarget;
			buildConfigurationList = 3A2068881C94D792000C7582 /* Build configuration list for PBXNativeTarget "TapperTests" */;
			buildPhases = (
				3A20686D1C94D792000C7582 /* Sources */,
				3A20686E1C94D792000C7582 /* Frameworks */,
				3A20686F1C94D792000C7582 /* Resources */,
			);
			buildRules = (
			);
			dependencies = (
				3A2068731C94D792000C7582 /* PBXTargetDependency */,
			);
			name = TapperTests;
			productName = TapperTests;
			productReference = 3A2068711C94D792000C7582 /* TapperTests.xctest */;
			productType = "com.apple.product-type.bundle.unit-test";
		};
		3A20687B1C94D792000C7582 /* TapperUITests */ = {
			isa = PBXNativeTarget;
			buildConfigurationList = 3A20688B1C94D792000C7582 /* Build configuration list for PBXNativeTarget "TapperUITests" */;
			buildPhases = (
				3A2068781C94D792000C7582 /* Sources */,
				3A2068791C94D792000C7582 /* Frameworks */,
				3A20687A1C94D792000C7582 /* Resources */,
			);
			buildRules = (
			);
			dependencies = (
				3A20687E1C94D792000C7582 /* PBXTargetDependency */,
			);
			name = TapperUITests;
			productName = TapperUITests;
			productReference = 3A20687C1C94D792000C7582 /* TapperUITests.xctest */;
			productType = "com.apple.product-type.bundle.ui-testing";
		};
/* End PBXNativeTarget section */

/* Begin PBXProject section */
		3A2068551C94D792000C7582 /* Project object */ = {
			isa = PBXProject;
			attributes = {
				LastSwiftUpdateCheck = 0720;
				LastUpgradeCheck = 0720;
				ORGANIZATIONNAME = mobilestudio;
				TargetAttributes = {
					3A20685C1C94D792000C7582 = {
						CreatedOnToolsVersion = 7.2.1;
						DevelopmentTeam = E3V7BHN522;
					};
					3A2068701C94D792000C7582 = {
						CreatedOnToolsVersion = 7.2.1;
						DevelopmentTeam = E3V7BHN522;
						TestTargetID = 3A20685C1C94D792000C7582;
					};
					3A20687B1C94D792000C7582 = {
						CreatedOnToolsVersion = 7.2.1;
						DevelopmentTeam = E3V7BHN522;
						TestTargetID = 3A20685C1C94D792000C7582;
					};
				};
			};
			buildConfigurationList = 3A2068581C94D792000C7582 /* Build configuration list for PBXProject "Tapper" */;
			compatibilityVersion = "Xcode 3.2";
			developmentRegion = English;
			hasScannedForEncodings = 0;
			knownRegions = (
				en,
				Base,
			);
			mainGroup = 3A2068541C94D792000C7582;
			productRefGroup = 3A20685E1C94D792000C7582 /* Products */;
			projectDirPath = "";
			projectRoot = "";
			targets = (
				3A20685C1C94D792000C7582 /* Tapper */,
				3A2068701C94D792000C7582 /* TapperTests */,
				3A20687B1C94D792000C7582 /* TapperUITests */,
			);
		};
/* End PBXProject section */

/* Begin PBXResourcesBuildPhase section */
		3A20685B1C94D792000C7582 /* Resources */ = {
			isa = PBXResourcesBuildPhase;
			buildActionMask = 2147483647;
			files = (
				3A20686B1C94D792000C7582 /* LaunchScreen.storyboard in Resources */,
				3A2068681C94D792000C7582 /* Assets.xcassets in Resources */,
				3A2068661C94D792000C7582 /* Main.storyboard in Resources */,
			);
			runOnlyForDeploymentPostprocessing = 0;
		};
		3A20686F1C94D792000C7582 /* Resources */ = {
			isa = PBXResourcesBuildPhase;
			buildActionMask = 2147483647;
			files = (
			);
			runOnlyForDeploymentPostprocessing = 0;
		};
		3A20687A1C94D792000C7582 /* Resources */ = {
			isa = PBXResourcesBuildPhase;
			buildActionMask = 2147483647;
			files = (
			);
			runOnlyForDeploymentPostprocessing = 0;
		};
/* End PBXResourcesBuildPhase section */

/* Begin PBXSourcesBuildPhase section */
		3A2068591C94D792000C7582 /* Sources */ = {
			isa = PBXSourcesBuildPhase;
			buildActionMask = 2147483647;
			files = (
				3A2068631C94D792000C7582 /* ViewController.swift in Sources */,
				3A2068611C94D792000C7582 /* AppDelegate.swift in Sources */,
			);
			runOnlyForDeploymentPostprocessing = 0;
		};
		3A20686D1C94D792000C7582 /* Sources */ = {
			isa = PBXSourcesBuildPhase;
			buildActionMask = 2147483647;
			files = (
				3A2068761C94D792000C7582 /* TapperTests.swift in Sources */,
			);
			runOnlyForDeploymentPostprocessing = 0;
		};
		3A2068781C94D792000C7582 /* Sources */ = {
			isa = PBXSourcesBuildPhase;
			buildActionMask = 2147483647;
			files = (
				3A2068811C94D792000C7582 /* TapperUITests.swift in Sources */,
			);
			runOnlyForDeploymentPostprocessing = 0;
		};
/* End PBXSourcesBuildPhase section */

/* Begin PBXTargetDependency section */
		3A2068731C94D792000C7582 /* PBXTargetDependency */ = {
			isa = PBXTargetDependency;
			target = 3A20685C1C94D792000C7582 /* Tapper */;
			targetProxy = 3A2068721C94D792000C7582 /* PBXContainerItemProxy */;
		};
		3A20687E1C94D792000C7582 /* PBXTargetDependency */ = {
			isa = PBXTargetDependency;
			target = 3A20685C1C94D792000C7582 /* Tapper */;
			targetProxy = 3A20687D1C94D792000C7582 /* PBXContainerItemProxy */;
		};
/* End PBXTargetDependency section */

/* Begin PBXVariantGroup section */
		3A2068641C94D792000C7582 /* Main.storyboard */ = {
			isa = PBXVariantGroup;
			children = (
				3A2068651C94D792000C7582 /* Base */,
			);
			name = Main.storyboard;
			sourceTree = "<group>";
		};
		3A2068691C94D792000C7582 /* LaunchScreen.storyboard */ = {
			isa = PBXVariantGroup;
			children = (
				3A20686A1C94D792000C7582 /* Base */,
			);
			name = LaunchScreen.storyboard;
			sourceTree = "<group>";
		};
/* End PBXVariantGroup section */

/* Begin XCBuildConfiguration section */
		3A2068831C94D792000C7582 /* Debug */ = {
			isa = XCBuildConfiguration;
			buildSettings = {
				ALWAYS_SEARCH_USER_PATHS = NO;
				CLANG_CXX_LANGUAGE_STANDARD = "gnu++0x";
				CLANG_CXX_LIBRARY = "libc++";
				CLANG_ENABLE_MODULES = YES;
				CLANG_ENABLE_OBJC_ARC = YES;
				CLANG_WARN_BOOL_CONVERSION = YES;
				CLANG_WARN_CONSTANT_CONVERSION = YES;
				CLANG_WARN_DIRECT_OBJC_ISA_USAGE = YES_ERROR;
				CLANG_WARN_EMPTY_BODY = YES;
				CLANG_WARN_ENUM_CONVERSION = YES;
				CLANG_WARN_INT_CONVERSION = YES;
				CLANG_WARN_OBJC_ROOT_CLASS = YES_ERROR;
				CLANG_WARN_UNREACHABLE_CODE = YES;
				CLANG_WARN__DUPLICATE_METHOD_MATCH = YES;
				"CODE_SIGN_IDENTITY[sdk=iphoneos*]" = "iPhone Developer";
				COPY_PHASE_STRIP = NO;
				DEBUG_INFORMATION_FORMAT = dwarf;
				ENABLE_STRICT_OBJC_MSGSEND = YES;
				ENABLE_TESTABILITY = YES;
				GCC_C_LANGUAGE_STANDARD = gnu99;
				GCC_DYNAMIC_NO_PIC = NO;
				GCC_NO_COMMON_BLOCKS = YES;
				GCC_OPTIMIZATION_LEVEL = 0;
				GCC_PREPROCESSOR_DEFINITIONS = (
					"DEBUG=1",
					"$(inherited)",
				);
				GCC_WARN_64_TO_32_BIT_CONVERSION = YES;
				GCC_WARN_ABOUT_RETURN_TYPE = YES_ERROR;
				GCC_WARN_UNDECLARED_SELECTOR = YES;
				GCC_WARN_UNINITIALIZED_AUTOS = YES_AGGRESSIVE;
				GCC_WARN_UNUSED_FUNCTION = YES;
				GCC_WARN_UNUSED_VARIABLE = YES;
				IPHONEOS_DEPLOYMENT_TARGET = 9.2;
				MTL_ENABLE_DEBUG_INFO = YES;
				ONLY_ACTIVE_ARCH = YES;
				SDKROOT = iphoneos;
				SWIFT_OPTIMIZATION_LEVEL = "-Onone";
			};
			name = Debug;
		};
		3A2068841C94D792000C7582 /* Release */ = {
			isa = XCBuildConfiguration;
			buildSettings = {
				ALWAYS_SEARCH_USER_PATHS = NO;
				CLANG_CXX_LANGUAGE_STANDARD = "gnu++0x";
				CLANG_CXX_LIBRARY = "libc++";
				CLANG_ENABLE_MODULES = YES;
				CLANG_ENABLE_OBJC_ARC = YES;
				CLANG_WARN_BOOL_CONVERSION = YES;
				CLANG_WARN_CONSTANT_CONVERSION = YES;
				CLANG_WARN_DIRECT_OBJC_ISA_USAGE = YES_ERROR;
				CLANG_WARN_EMPTY_BODY = YES;
				CLANG_WARN_ENUM_CONVERSION = YES;
				CLANG_WARN_INT_CONVERSION = YES;
				CLANG_WARN_OBJC_ROOT_CLASS = YES_ERROR;
				CLANG_WARN_UNREACHABLE_CODE = YES;
				CLANG_WARN__DUPLICATE_METHOD_MATCH = YES;
				"CODE_SIGN_IDENTITY[sdk=iphoneos*]" = "iPhone Developer";
				COPY_PHASE_STRIP = NO;
				DEBUG_INFORMATION_FORMAT = "dwarf-with-dsym";
				ENABLE_NS_ASSERTIONS = NO;
				ENABLE_STRICT_OBJC_MSGSEND = YES;
				GCC_C_LANGUAGE_STANDARD = gnu99;
				GCC_NO_COMMON_BLOCKS = YES;
				GCC_WARN_64_TO_32_BIT_CONVERSION = YES;
				GCC_WARN_ABOUT_RETURN_TYPE = YES_ERROR;
				GCC_WARN_UNDECLARED_SELECTOR = YES;
				GCC_WARN_UNINITIALIZED_AUTOS = YES_AGGRESSIVE;
				GCC_WARN_UNUSED_FUNCTION = YES;
				GCC_WARN_UNUSED_VARIABLE = YES;
				IPHONEOS_DEPLOYMENT_TARGET = 9.2;
				MTL_ENABLE_DEBUG_INFO = NO;
				SDKROOT = iphoneos;
				VALIDATE_PRODUCT = YES;
			};
			name = Release;
		};
		3A2068861C94D792000C7582 /* Debug */ = {
			isa = XCBuildConfiguration;
			buildSettings = {
				ASSETCATALOG_COMPILER_APPICON_NAME = AppIcon;
				INFOPLIST_FILE = Tapper/Info.plist;
				LD_RUNPATH_SEARCH_PATHS = "$(inherited) @executable_path/Frameworks";
				PRODUCT_BUNDLE_IDENTIFIER = com.mobilestudio.Tapper;
				PRODUCT_NAME = "$(TARGET_NAME)";
				TARGETED_DEVICE_FAMILY = "1,2";
			};
			name = Debug;
		};
		3A2068871C94D792000C7582 /* Release */ = {
			isa = XCBuildConfiguration;
			buildSettings = {
				ASSETCATALOG_COMPILER_APPICON_NAME = AppIcon;
				INFOPLIST_FILE = Tapper/Info.plist;
				LD_RUNPATH_SEARCH_PATHS = "$(inherited) @executable_path/Frameworks";
				PRODUCT_BUNDLE_IDENTIFIER = com.mobilestudio.Tapper;
				PRODUCT_NAME = "$(TARGET_NAME)";
				TARGETED_DEVICE_FAMILY = "1,2";
			};
			name = Release;
		};
		3A2068891C94D792000C7582 /* Debug */ = {
			isa = XCBuildConfiguration;
			buildSettings = {
				BUNDLE_LOADER = "$(TEST_HOST)";
				INFOPLIST_FILE = TapperTests/Info.plist;
				LD_RUNPATH_SEARCH_PATHS = "$(inherited) @executable_path/Frameworks @loader_path/Frameworks";
				PRODUCT_BUNDLE_IDENTIFIER = com.mobilestudio.TapperTests;
				PRODUCT_NAME = "$(TARGET_NAME)";
				TEST_HOST = "$(BUILT_PRODUCTS_DIR)/Tapper.app/Tapper";
			};
			name = Debug;
		};
		3A20688A1C94D792000C7582 /* Release */ = {
			isa = XCBuildConfiguration;
			buildSettings = {
				BUNDLE_LOADER = "$(TEST_HOST)";
				INFOPLIST_FILE = TapperTests/Info.plist;
				LD_RUNPATH_SEARCH_PATHS = "$(inherited) @executable_path/Frameworks @loader_path/Frameworks";
				PRODUCT_BUNDLE_IDENTIFIER = com.mobilestudio.TapperTests;
				PRODUCT_NAME = "$(TARGET_NAME)";
				TEST_HOST = "$(BUILT_PRODUCTS_DIR)/Tapper.app/Tapper";
			};
			name = Release;
		};
		3A20688C1C94D792000C7582 /* Debug */ = {
			isa = XCBuildConfiguration;
			buildSettings = {
				INFOPLIST_FILE = TapperUITests/Info.plist;
				LD_RUNPATH_SEARCH_PATHS = "$(inherited) @executable_path/Frameworks @loader_path/Frameworks";
				PRODUCT_BUNDLE_IDENTIFIER = com.mobilestudio.TapperUITests;
				PRODUCT_NAME = "$(TARGET_NAME)";
				TEST_TARGET_NAME = Tapper;
				USES_XCTRUNNER = YES;
			};
			name = Debug;
		};
		3A20688D1C94D792000C7582 /* Release */ = {
			isa = XCBuildConfiguration;
			buildSettings = {
				INFOPLIST_FILE = TapperUITests/Info.plist;
				LD_RUNPATH_SEARCH_PATHS = "$(inherited) @executable_path/Frameworks @loader_path/Frameworks";
				PRODUCT_BUNDLE_IDENTIFIER = com.mobilestudio.TapperUITests;
				PRODUCT_NAME = "$(TARGET_NAME)";
				TEST_TARGET_NAME = Tapper;
				USES_XCTRUNNER = YES;
			};
			name = Release;
		};
/* End XCBuildConfiguration section */

/* Begin XCConfigurationList section */
		3A2068581C94D792000C7582 /* Build configuration list for PBXProject "Tapper" */ = {
			isa = XCConfigurationList;
			buildConfigurations = (
				3A2068831C94D792000C7582 /* Debug */,
				3A2068841C94D792000C7582 /* Release */,
			);
			defaultConfigurationIsVisible = 0;
			defaultConfigurationName = Release;
		};
		3A2068851C94D792000C7582 /* Build configuration list for PBXNativeTarget "Tapper" */ = {
			isa = XCConfigurationList;
			buildConfigurations = (
				3A2068861C94D792000C7582 /* Debug */,
				3A2068871C94D792000C7582 /* Release */,
			);
			defaultConfigurationIsVisible = 0;
		};
		3A2068881C94D792000C7582 /* Build configuration list for PBXNativeTarget "TapperTests" */ = {
			isa = XCConfigurationList;
			buildConfigurations = (
				3A2068891C94D792000C7582 /* Debug */,
				3A20688A1C94D792000C7582 /* Release */,
			);
			defaultConfigurationIsVisible = 0;
		};
		3A20688B1C94D792000C7582 /* Build configuration list for PBXNativeTarget "TapperUITests" */ = {
			isa = XCConfigurationList;
			buildConfigurations = (
				3A20688C1C94D792000C7582 /* Debug */,
				3A20688D1C94D792000C7582 /* Release */,
			);
			defaultConfigurationIsVisible = 0;
		};
/* End XCConfigurationList section */
	};
	rootObject = 3A2068551C94D792000C7582 /* Project object */;
}
